
Microsoft Visual Studio Solution File, Format Version 12.00
# Visual Studio Version 17
VisualStudioVersion = 17.8.34330.188
MinimumVisualStudioVersion = 10.0.40219.1
Project("{2150E333-8FDC-42A3-9474-1A3956D46DE8}") = "src", "src", "{BA9E63E4-3B50-4063-8512-EBB764D1B1DE}"
EndProject
Project("{2150E333-8FDC-42A3-9474-1A3956D46DE8}") = "Core", "Core", "{4B93DF19-27A0-424A-8FCF-BC5A12D46A81}"
EndProject
Project("{FAE04EC0-301F-11D3-BF4B-00C04F79EFBC}") = "TestTask.Domain", "src\Core\TestTask.Domain\TestTask.Domain.csproj", "{89A512EF-9A71-49DA-B8B0-C2A2A5A9F6A0}"
EndProject
Global
	GlobalSection(SolutionConfigurationPlatforms) = preSolution
		Debug|Any CPU = Debug|Any CPU
		Release|Any CPU = Release|Any CPU
	EndGlobalSection
	GlobalSection(ProjectConfigurationPlatforms) = postSolution
		{89A512EF-9A71-49DA-B8B0-C2A2A5A9F6A0}.Debug|Any CPU.ActiveCfg = Debug|Any CPU
		{89A512EF-9A71-49DA-B8B0-C2A2A5A9F6A0}.Debug|Any CPU.Build.0 = Debug|Any CPU
		{89A512EF-9A71-49DA-B8B0-C2A2A5A9F6A0}.Release|Any CPU.ActiveCfg = Release|Any CPU
		{89A512EF-9A71-49DA-B8B0-C2A2A5A9F6A0}.Release|Any CPU.Build.0 = Release|Any CPU
	EndGlobalSection
	GlobalSection(SolutionProperties) = preSolution
		HideSolutionNode = FALSE
	EndGlobalSection
	GlobalSection(NestedProjects) = preSolution
		{4B93DF19-27A0-424A-8FCF-BC5A12D46A81} = {BA9E63E4-3B50-4063-8512-EBB764D1B1DE}
		{89A512EF-9A71-49DA-B8B0-C2A2A5A9F6A0} = {4B93DF19-27A0-424A-8FCF-BC5A12D46A81}
	EndGlobalSection
	GlobalSection(ExtensibilityGlobals) = postSolution
		SolutionGuid = {82F6523F-7AA4-4E20-BF51-172B16D0A673}
	EndGlobalSection
EndGlobal
